
Microsoft Visual Studio Solution File, Format Version 12.00
# Visual Studio Version 16
VisualStudioVersion = 16.0.29926.136
MinimumVisualStudioVersion = 10.0.40219.1
Project("{FAE04EC0-301F-11D3-BF4B-00C04F79EFBC}") = "AI.小车控制台", "AI.小车控制台.csproj", "{DED5B952-EC9E-48AD-8895-33C1DAC447CB}"
EndProject
Global
	GlobalSection(SolutionConfigurationPlatforms) = preSolution
		Debug|Any CPU = Debug|Any CPU
		Release|Any CPU = Release|Any CPU
	EndGlobalSection
	GlobalSection(ProjectConfigurationPlatforms) = postSolution
		{DED5B952-EC9E-48AD-8895-33C1DAC447CB}.Debug|Any CPU.ActiveCfg = Debug|Any CPU
		{DED5B952-EC9E-48AD-8895-33C1DAC447CB}.Debug|Any CPU.Build.0 = Debug|Any CPU
		{DED5B952-EC9E-48AD-8895-33C1DAC447CB}.Release|Any CPU.ActiveCfg = Release|Any CPU
		{DED5B952-EC9E-48AD-8895-33C1DAC447CB}.Release|Any CPU.Build.0 = Release|Any CPU
	EndGlobalSection
	GlobalSection(SolutionProperties) = preSolution
		HideSolutionNode = FALSE
	EndGlobalSection
	GlobalSection(ExtensibilityGlobals) = postSolution
		SolutionGuid = {067AFBDA-6959-4288-B26E-42BCF24D2B1C}
	EndGlobalSection
EndGlobal
